
Microsoft Visual Studio Solution File, Format Version 12.00
# Visual Studio 15
VisualStudioVersion = 15.0.28010.2046
MinimumVisualStudioVersion = 10.0.40219.1
Project("{8BC9CEB8-8B4A-11D0-8D11-00A0C91BC942}") = "STUN Client", "STUN Client\STUN Client.vcxproj", "{B2587F00-57BF-4DD0-A6E0-D085942B7E8E}"
EndProject
Global
	GlobalSection(SolutionConfigurationPlatforms) = preSolution
		Debug|x64 = Debug|x64
		Debug|x86 = Debug|x86
		Release|x64 = Release|x64
		Release|x86 = Release|x86
	EndGlobalSection
	GlobalSection(ProjectConfigurationPlatforms) = postSolution
		{B2587F00-57BF-4DD0-A6E0-D085942B7E8E}.Debug|x64.ActiveCfg = Debug|x64
		{B2587F00-57BF-4DD0-A6E0-D085942B7E8E}.Debug|x64.Build.0 = Debug|x64
		{B2587F00-57BF-4DD0-A6E0-D085942B7E8E}.Debug|x86.ActiveCfg = Debug|Win32
		{B2587F00-57BF-4DD0-A6E0-D085942B7E8E}.Debug|x86.Build.0 = Debug|Win32
		{B2587F00-57BF-4DD0-A6E0-D085942B7E8E}.Release|x64.ActiveCfg = Release|x64
		{B2587F00-57BF-4DD0-A6E0-D085942B7E8E}.Release|x64.Build.0 = Release|x64
		{B2587F00-57BF-4DD0-A6E0-D085942B7E8E}.Release|x86.ActiveCfg = Release|Win32
		{B2587F00-57BF-4DD0-A6E0-D085942B7E8E}.Release|x86.Build.0 = Release|Win32
	EndGlobalSection
	GlobalSection(SolutionProperties) = preSolution
		HideSolutionNode = FALSE
	EndGlobalSection
	GlobalSection(ExtensibilityGlobals) = postSolution
		SolutionGuid = {E66022DF-1C9C-470D-AC00-55A3038A4602}
	EndGlobalSection
EndGlobal
